
Microsoft Visual Studio Solution File, Format Version 12.00
# Visual Studio Version 17
VisualStudioVersion = 17.8.34309.116
MinimumVisualStudioVersion = 10.0.40219.1
Project("{9A19103F-16F7-4668-BE54-9A1E7A4F7556}") = "CalculatorController", "Calculator\CalculatorController.csproj", "{F070FC3C-917C-4313-95CD-4ED953D7FA3A}"
EndProject
Project("{9A19103F-16F7-4668-BE54-9A1E7A4F7556}") = "CalculatorEngine", "CalculatorEngine\CalculatorEngine.csproj", "{FD636985-E374-47D8-A91F-8D61BDA27013}"
EndProject
Project("{9A19103F-16F7-4668-BE54-9A1E7A4F7556}") = "CalculatorEngineUnitTests", "CalculatorEngineUnitTests\CalculatorEngineUnitTests.csproj", "{D38E57DB-79B6-49ED-8288-8865F0CBE65E}"
EndProject
Global
	GlobalSection(SolutionConfigurationPlatforms) = preSolution
		Debug|Any CPU = Debug|Any CPU
		Release|Any CPU = Release|Any CPU
	EndGlobalSection
	GlobalSection(ProjectConfigurationPlatforms) = postSolution
		{F070FC3C-917C-4313-95CD-4ED953D7FA3A}.Debug|Any CPU.ActiveCfg = Debug|Any CPU
		{F070FC3C-917C-4313-95CD-4ED953D7FA3A}.Debug|Any CPU.Build.0 = Debug|Any CPU
		{F070FC3C-917C-4313-95CD-4ED953D7FA3A}.Release|Any CPU.ActiveCfg = Release|Any CPU
		{F070FC3C-917C-4313-95CD-4ED953D7FA3A}.Release|Any CPU.Build.0 = Release|Any CPU
		{FD636985-E374-47D8-A91F-8D61BDA27013}.Debug|Any CPU.ActiveCfg = Debug|Any CPU
		{FD636985-E374-47D8-A91F-8D61BDA27013}.Debug|Any CPU.Build.0 = Debug|Any CPU
		{FD636985-E374-47D8-A91F-8D61BDA27013}.Release|Any CPU.ActiveCfg = Release|Any CPU
		{FD636985-E374-47D8-A91F-8D61BDA27013}.Release|Any CPU.Build.0 = Release|Any CPU
		{D38E57DB-79B6-49ED-8288-8865F0CBE65E}.Debug|Any CPU.ActiveCfg = Debug|Any CPU
		{D38E57DB-79B6-49ED-8288-8865F0CBE65E}.Debug|Any CPU.Build.0 = Debug|Any CPU
		{D38E57DB-79B6-49ED-8288-8865F0CBE65E}.Release|Any CPU.ActiveCfg = Release|Any CPU
		{D38E57DB-79B6-49ED-8288-8865F0CBE65E}.Release|Any CPU.Build.0 = Release|Any CPU
	EndGlobalSection
	GlobalSection(SolutionProperties) = preSolution
		HideSolutionNode = FALSE
	EndGlobalSection
	GlobalSection(ExtensibilityGlobals) = postSolution
		SolutionGuid = {C91CFF24-240C-4F4C-92B6-0359E7226AA6}
	EndGlobalSection
EndGlobal
